github.com/peovanton-cmyk/ERT/Hello v0.0.0-20251107132934-49e175117dc5 h1:6/6T79MNmfUjiYfJgNZRyzi+vKtXAPezHjiRAxtn4kY=
github.com/peovanton-cmyk/ERT/Hello v0.0.0-20251107132934-49e175117dc5/go.mod h1:kzGawDpgzory8ogts593cuCnwB2ziuv9UtCvSdP48zg=
github.com/peovanton-cmyk/ERT/Hello v0.0.0-20251107134853-57c7c7a9e64e h1:8VIyWSsF1Jc9202VufLY7+sBq7qPm60KlnCzh1cxH3Q=
github.com/peovanton-cmyk/ERT/Hello v0.0.0-20251107134853-57c7c7a9e64e/go.mod h1:kzGawDpgzory8ogts593cuCnwB2ziuv9UtCvSdP48zg=
