github.com/peovanton-cmyk/ERT/First v0.0.0-20251109184041-7c4f96f08c19 h1:K0VY7b+gZYGCqr9wTuUTs0uLNTCtMgw062XsCTY4xUg=
github.com/peovanton-cmyk/ERT/First v0.0.0-20251109184041-7c4f96f08c19/go.mod h1:W7Nd5AZx5AGw25gc+OTXKb55ODNFOJAMSO6iqyjlvRI=
github.com/peovanton-cmyk/ERT/Hello v0.0.0-20251109180142-98fee36826ee h1:7floI/tYFthCs5TCKSl4XSO1l/mTsAWwG1fD9r6Fiso=
github.com/peovanton-cmyk/ERT/Hello v0.0.0-20251109180142-98fee36826ee/go.mod h1:kzGawDpgzory8ogts593cuCnwB2ziuv9UtCvSdP48zg=
golang.org/dl v0.0.0-20251105190606-0264471fc46d h1:uohCPCmLSf2vbHyAazp0nE7nKcaQwsG+yNJ2QwdVJuc=
golang.org/dl v0.0.0-20251105190606-0264471fc46d/go.mod h1:fwQ+hlTD8I6TIzOGkQqxQNfE2xqR+y7SzGaDkksVFkw=
