github.com/peovanton-cmyk/ERT/First v0.0.0-20251109180142-98fee36826ee h1:IA9NbytsT1xsflTrDfP51CqH4P0kBX2nM4o/9GJDN9I=
github.com/peovanton-cmyk/ERT/First v0.0.0-20251109180142-98fee36826ee/go.mod h1:N+8j8iEwRYJWjY5R0PGqraVP8Q8a1UTiM09dJuNyYqI=
github.com/peovanton-cmyk/ERT/Hello v0.0.0-20251109175118-8b6883412383 h1:CYp8r86vyIBUOx98TNFuDYQi6U82Va9w9i8eClEXnIw=
github.com/peovanton-cmyk/ERT/Hello v0.0.0-20251109175118-8b6883412383/go.mod h1:kzGawDpgzory8ogts593cuCnwB2ziuv9UtCvSdP48zg=
